// !$*UTF8*$!
{
	archiveVersion = 1;
	classes = {
	};
	objectVersion = 50;
	objects = {

/* Begin PBXBuildFile section */
		09A94A382101057000148074 /* AppDelegate.swift in Sources */ = {isa = PBXBuildFile; fileRef = 09A94A372101057000148074 /* AppDelegate.swift */; };
		09A94A3A2101057000148074 /* ViewController.swift in Sources */ = {isa = PBXBuildFile; fileRef = 09A94A392101057000148074 /* ViewController.swift */; };
		09A94A3D2101057000148074 /* Main.storyboard in Resources */ = {isa = PBXBuildFile; fileRef = 09A94A3B2101057000148074 /* Main.storyboard */; };
		09A94A402101057000148074 /* Agentdesks.xcdatamodeld in Sources */ = {isa = PBXBuildFile; fileRef = 09A94A3E2101057000148074 /* Agentdesks.xcdatamodeld */; };
		09A94A422101057100148074 /* Assets.xcassets in Resources */ = {isa = PBXBuildFile; fileRef = 09A94A412101057100148074 /* Assets.xcassets */; };
		09A94A452101057100148074 /* LaunchScreen.storyboard in Resources */ = {isa = PBXBuildFile; fileRef = 09A94A432101057100148074 /* LaunchScreen.storyboard */; };
/* End PBXBuildFile section */

/* Begin PBXFileReference section */
		09A94A342101057000148074 /* Agentdesks.app */ = {isa = PBXFileReference; explicitFileType = wrapper.application; includeInIndex = 0; path = Agentdesks.app; sourceTree = BUILT_PRODUCTS_DIR; };
		09A94A372101057000148074 /* AppDelegate.swift */ = {isa = PBXFileReference; lastKnownFileType = sourcecode.swift; path = AppDelegate.swift; sourceTree = "<group>"; };
		09A94A392101057000148074 /* ViewController.swift */ = {isa = PBXFileReference; lastKnownFileType = sourcecode.swift; path = ViewController.swift; sourceTree = "<group>"; };
		09A94A3C2101057000148074 /* Base */ = {isa = PBXFileReference; lastKnownFileType = file.storyboard; name = Base; path = Base.lproj/Main.storyboard; sourceTree = "<group>"; };
		09A94A3F2101057000148074 /* Agentdesks.xcdatamodel */ = {isa = PBXFileReference; lastKnownFileType = wrapper.xcdatamodel; path = Agentdesks.xcdatamodel; sourceTree = "<group>"; };
		09A94A412101057100148074 /* Assets.xcassets */ = {isa = PBXFileReference; lastKnownFileType = folder.assetcatalog; path = Assets.xcassets; sourceTree = "<group>"; };
		09A94A442101057100148074 /* Base */ = {isa = PBXFileReference; lastKnownFileType = file.storyboard; name = Base; path = Base.lproj/LaunchScreen.storyboard; sourceTree = "<group>"; };
		09A94A462101057100148074 /* Info.plist */ = {isa = PBXFileReference; lastKnownFileType = text.plist.xml; path = Info.plist; sourceTree = "<group>"; };
/* End PBXFileReference section */

/* Begin PBXFrameworksBuildPhase section */
		09A94A312101057000148074 /* Frameworks */ = {
			isa = PBXFrameworksBuildPhase;
			buildActionMask = 2147483647;
			files = (
			);
			runOnlyForDeploymentPostprocessing = 0;
		};
/* End PBXFrameworksBuildPhase section */

/* Begin PBXGroup section */
		09A94A2B2101057000148074 = {
			isa = PBXGroup;
			children = (
				09A94A362101057000148074 /* Agentdesks */,
				09A94A352101057000148074 /* Products */,
			);
			sourceTree = "<group>";
		};
		09A94A352101057000148074 /* Products */ = {
			isa = PBXGroup;
			children = (
				09A94A342101057000148074 /* Agentdesks.app */,
			);
			name = Products;
			sourceTree = "<group>";
		};
		09A94A362101057000148074 /* Agentdesks */ = {
			isa = PBXGroup;
			children = (
				09A94A372101057000148074 /* AppDelegate.swift */,
				09A94A392101057000148074 /* ViewController.swift */,
				09A94A3B2101057000148074 /* Main.storyboard */,
				09A94A412101057100148074 /* Assets.xcassets */,
				09A94A432101057100148074 /* LaunchScreen.storyboard */,
				09A94A462101057100148074 /* Info.plist */,
				09A94A3E2101057000148074 /* Agentdesks.xcdatamodeld */,
			);
			path = Agentdesks;
			sourceTree = "<group>";
		};
/* End PBXGroup section */

/* Begin PBXNativeTarget section */
		09A94A332101057000148074 /* Agentdesks */ = {
			isa = PBXNativeTarget;
			buildConfigurationList = 09A94A492101057100148074 /* Build configuration list for PBXNativeTarget "Agentdesks" */;
			buildPhases = (
				09A94A302101057000148074 /* Sources */,
				09A94A312101057000148074 /* Frameworks */,
				09A94A322101057000148074 /* Resources */,
			);
			buildRules = (
			);
			dependencies = (
			);
			name = Agentdesks;
			productName = Agentdesks;
			productReference = 09A94A342101057000148074 /* Agentdesks.app */;
			productType = "com.apple.product-type.application";
		};
/* End PBXNativeTarget section */

/* Begin PBXProject section */
		09A94A2C2101057000148074 /* Project object */ = {
			isa = PBXProject;
			attributes = {
				LastSwiftUpdateCheck = 0930;
				LastUpgradeCheck = 0930;
				ORGANIZATIONNAME = saurabh;
				TargetAttributes = {
					09A94A332101057000148074 = {
						CreatedOnToolsVersion = 9.3;
					};
				};
			};
			buildConfigurationList = 09A94A2F2101057000148074 /* Build configuration list for PBXProject "Agentdesks" */;
			compatibilityVersion = "Xcode 9.3";
			developmentRegion = en;
			hasScannedForEncodings = 0;
			knownRegions = (
				en,
				Base,
			);
			mainGroup = 09A94A2B2101057000148074;
			productRefGroup = 09A94A352101057000148074 /* Products */;
			projectDirPath = "";
			projectRoot = "";
			targets = (
				09A94A332101057000148074 /* Agentdesks */,
			);
		};
/* End PBXProject section */

/* Begin PBXResourcesBuildPhase section */
		09A94A322101057000148074 /* Resources */ = {
			isa = PBXResourcesBuildPhase;
			buildActionMask = 2147483647;
			files = (
				09A94A452101057100148074 /* LaunchScreen.storyboard in Resources */,
				09A94A422101057100148074 /* Assets.xcassets in Resources */,
				09A94A3D2101057000148074 /* Main.storyboard in Resources */,
			);
			runOnlyForDeploymentPostprocessing = 0;
		};
/* End PBXResourcesBuildPhase section */

/* Begin PBXSourcesBuildPhase section */
		09A94A302101057000148074 /* Sources */ = {
			isa = PBXSourcesBuildPhase;
			buildActionMask = 2147483647;
			files = (
				09A94A3A2101057000148074 /* ViewController.swift in Sources */,
				09A94A382101057000148074 /* AppDelegate.swift in Sources */,
				09A94A402101057000148074 /* Agentdesks.xcdatamodeld in Sources */,
			);
			runOnlyForDeploymentPostprocessing = 0;
		};
/* End PBXSourcesBuildPhase section */

/* Begin PBXVariantGroup section */
		09A94A3B2101057000148074 /* Main.storyboard */ = {
			isa = PBXVariantGroup;
			children = (
				09A94A3C2101057000148074 /* Base */,
			);
			name = Main.storyboard;
			sourceTree = "<group>";
		};
		09A94A432101057100148074 /* LaunchScreen.storyboard */ = {
			isa = PBXVariantGroup;
			children = (
				09A94A442101057100148074 /* Base */,
			);
			name = LaunchScreen.storyboard;
			sourceTree = "<group>";
		};
/* End PBXVariantGroup section */

/* Begin XCBuildConfiguration section */
		09A94A472101057100148074 /* Debug */ = {
			isa = XCBuildConfiguration;
			buildSettings = {
				ALWAYS_SEARCH_USER_PATHS = NO;
				CLANG_ANALYZER_NONNULL = YES;
				CLANG_ANALYZER_NUMBER_OBJECT_CONVERSION = YES_AGGRESSIVE;
				CLANG_CXX_LANGUAGE_STANDARD = "gnu++14";
				CLANG_CXX_LIBRARY = "libc++";
				CLANG_ENABLE_MODULES = YES;
				CLANG_ENABLE_OBJC_ARC = YES;
				CLANG_ENABLE_OBJC_WEAK = YES;
				CLANG_WARN_BLOCK_CAPTURE_AUTORELEASING = YES;
				CLANG_WARN_BOOL_CONVERSION = YES;
				CLANG_WARN_COMMA = YES;
				CLANG_WARN_CONSTANT_CONVERSION = YES;
				CLANG_WARN_DEPRECATED_OBJC_IMPLEMENTATIONS = YES;
				CLANG_WARN_DIRECT_OBJC_ISA_USAGE = YES_ERROR;
				CLANG_WARN_DOCUMENTATION_COMMENTS = YES;
				CLANG_WARN_EMPTY_BODY = YES;
				CLANG_WARN_ENUM_CONVERSION = YES;
				CLANG_WARN_INFINITE_RECURSION = YES;
				CLANG_WARN_INT_CONVERSION = YES;
				CLANG_WARN_NON_LITERAL_NULL_CONVERSION = YES;
				CLANG_WARN_OBJC_IMPLICIT_RETAIN_SELF = YES;
				CLANG_WARN_OBJC_LITERAL_CONVERSION = YES;
				CLANG_WARN_OBJC_ROOT_CLASS = YES_ERROR;
				CLANG_WARN_RANGE_LOOP_ANALYSIS = YES;
				CLANG_WARN_STRICT_PROTOTYPES = YES;
				CLANG_WARN_SUSPICIOUS_MOVE = YES;
				CLANG_WARN_UNGUARDED_AVAILABILITY = YES_AGGRESSIVE;
				CLANG_WARN_UNREACHABLE_CODE = YES;
				CLANG_WARN__DUPLICATE_METHOD_MATCH = YES;
				CODE_SIGN_IDENTITY = "iPhone Developer";
				COPY_PHASE_STRIP = NO;
				DEBUG_INFORMATION_FORMAT = dwarf;
				ENABLE_STRICT_OBJC_MSGSEND = YES;
				ENABLE_TESTABILITY = YES;
				GCC_C_LANGUAGE_STANDARD = gnu11;
				GCC_DYNAMIC_NO_PIC = NO;
				GCC_NO_COMMON_BLOCKS = YES;
				GCC_OPTIMIZATION_LEVEL = 0;
				GCC_PREPROCESSOR_DEFINITIONS = (
					"DEBUG=1",
					"$(inherited)",
				);
				GCC_WARN_64_TO_32_BIT_CONVERSION = YES;
				GCC_WARN_ABOUT_RETURN_TYPE = YES_ERROR;
				GCC_WARN_UNDECLARED_SELECTOR = YES;
				GCC_WARN_UNINITIALIZED_AUTOS = YES_AGGRESSIVE;
				GCC_WARN_UNUSED_FUNCTION = YES;
				GCC_WARN_UNUSED_VARIABLE = YES;
				IPHONEOS_DEPLOYMENT_TARGET = 11.3;
				MTL_ENABLE_DEBUG_INFO = YES;
				ONLY_ACTIVE_ARCH = YES;
				SDKROOT = iphoneos;
				SWIFT_ACTIVE_COMPILATION_CONDITIONS = DEBUG;
				SWIFT_OPTIMIZATION_LEVEL = "-Onone";
			};
			name = Debug;
		};
		09A94A482101057100148074 /* Release */ = {
			isa = XCBuildConfiguration;
			buildSettings = {
				ALWAYS_SEARCH_USER_PATHS = NO;
				CLANG_ANALYZER_NONNULL = YES;
				CLANG_ANALYZER_NUMBER_OBJECT_CONVERSION = YES_AGGRESSIVE;
				CLANG_CXX_LANGUAGE_STANDARD = "gnu++14";
				CLANG_CXX_LIBRARY = "libc++";
				CLANG_ENABLE_MODULES = YES;
				CLANG_ENABLE_OBJC_ARC = YES;
				CLANG_ENABLE_OBJC_WEAK = YES;
				CLANG_WARN_BLOCK_CAPTURE_AUTORELEASING = YES;
				CLANG_WARN_BOOL_CONVERSION = YES;
				CLANG_WARN_COMMA = YES;
				CLANG_WARN_CONSTANT_CONVERSION = YES;
				CLANG_WARN_DEPRECATED_OBJC_IMPLEMENTATIONS = YES;
				CLANG_WARN_DIRECT_OBJC_ISA_USAGE = YES_ERROR;
				CLANG_WARN_DOCUMENTATION_COMMENTS = YES;
				CLANG_WARN_EMPTY_BODY = YES;
				CLANG_WARN_ENUM_CONVERSION = YES;
				CLANG_WARN_INFINITE_RECURSION = YES;
				CLANG_WARN_INT_CONVERSION = YES;
				CLANG_WARN_NON_LITERAL_NULL_CONVERSION = YES;
				CLANG_WARN_OBJC_IMPLICIT_RETAIN_SELF = YES;
				CLANG_WARN_OBJC_LITERAL_CONVERSION = YES;
				CLANG_WARN_OBJC_ROOT_CLASS = YES_ERROR;
				CLANG_WARN_RANGE_LOOP_ANALYSIS = YES;
				CLANG_WARN_STRICT_PROTOTYPES = YES;
				CLANG_WARN_SUSPICIOUS_MOVE = YES;
				CLANG_WARN_UNGUARDED_AVAILABILITY = YES_AGGRESSIVE;
				CLANG_WARN_UNREACHABLE_CODE = YES;
				CLANG_WARN__DUPLICATE_METHOD_MATCH = YES;
				CODE_SIGN_IDENTITY = "iPhone Developer";
				COPY_PHASE_STRIP = NO;
				DEBUG_INFORMATION_FORMAT = "dwarf-with-dsym";
				ENABLE_NS_ASSERTIONS = NO;
				ENABLE_STRICT_OBJC_MSGSEND = YES;
				GCC_C_LANGUAGE_STANDARD = gnu11;
				GCC_NO_COMMON_BLOCKS = YES;
				GCC_WARN_64_TO_32_BIT_CONVERSION = YES;
				GCC_WARN_ABOUT_RETURN_TYPE = YES_ERROR;
				GCC_WARN_UNDECLARED_SELECTOR = YES;
				GCC_WARN_UNINITIALIZED_AUTOS = YES_AGGRESSIVE;
				GCC_WARN_UNUSED_FUNCTION = YES;
				GCC_WARN_UNUSED_VARIABLE = YES;
				IPHONEOS_DEPLOYMENT_TARGET = 11.3;
				MTL_ENABLE_DEBUG_INFO = NO;
				SDKROOT = iphoneos;
				SWIFT_COMPILATION_MODE = wholemodule;
				SWIFT_OPTIMIZATION_LEVEL = "-O";
				VALIDATE_PRODUCT = YES;
			};
			name = Release;
		};
		09A94A4A2101057100148074 /* Debug */ = {
			isa = XCBuildConfiguration;
			buildSettings = {
				ASSETCATALOG_COMPILER_APPICON_NAME = AppIcon;
				CODE_SIGN_STYLE = Automatic;
				DEVELOPMENT_TEAM = RYBKJDVS76;
				INFOPLIST_FILE = Agentdesks/Info.plist;
				LD_RUNPATH_SEARCH_PATHS = (
					"$(inherited)",
					"@executable_path/Frameworks",
				);
				PRODUCT_BUNDLE_IDENTIFIER = com.saurabh.Agentdesks;
				PRODUCT_NAME = "$(TARGET_NAME)";
				SWIFT_VERSION = 4.0;
				TARGETED_DEVICE_FAMILY = "1,2";
			};
			name = Debug;
		};
		09A94A4B2101057100148074 /* Release */ = {
			isa = XCBuildConfiguration;
			buildSettings = {
				ASSETCATALOG_COMPILER_APPICON_NAME = AppIcon;
				CODE_SIGN_STYLE = Automatic;
				DEVELOPMENT_TEAM = RYBKJDVS76;
				INFOPLIST_FILE = Agentdesks/Info.plist;
				LD_RUNPATH_SEARCH_PATHS = (
					"$(inherited)",
					"@executable_path/Frameworks",
				);
				PRODUCT_BUNDLE_IDENTIFIER = com.saurabh.Agentdesks;
				PRODUCT_NAME = "$(TARGET_NAME)";
				SWIFT_VERSION = 4.0;
				TARGETED_DEVICE_FAMILY = "1,2";
			};
			name = Release;
		};
/* End XCBuildConfiguration section */

/* Begin XCConfigurationList section */
		09A94A2F2101057000148074 /* Build configuration list for PBXProject "Agentdesks" */ = {
			isa = XCConfigurationList;
			buildConfigurations = (
				09A94A472101057100148074 /* Debug */,
				09A94A482101057100148074 /* Release */,
			);
			defaultConfigurationIsVisible = 0;
			defaultConfigurationName = Release;
		};
		09A94A492101057100148074 /* Build configuration list for PBXNativeTarget "Agentdesks" */ = {
			isa = XCConfigurationList;
			buildConfigurations = (
				09A94A4A2101057100148074 /* Debug */,
				09A94A4B2101057100148074 /* Release */,
			);
			defaultConfigurationIsVisible = 0;
			defaultConfigurationName = Release;
		};
/* End XCConfigurationList section */

/* Begin XCVersionGroup section */
		09A94A3E2101057000148074 /* Agentdesks.xcdatamodeld */ = {
			isa = XCVersionGroup;
			children = (
				09A94A3F2101057000148074 /* Agentdesks.xcdatamodel */,
			);
			currentVersion = 09A94A3F2101057000148074 /* Agentdesks.xcdatamodel */;
			path = Agentdesks.xcdatamodeld;
			sourceTree = "<group>";
			versionGroupType = wrapper.xcdatamodel;
		};
/* End XCVersionGroup section */
	};
	rootObject = 09A94A2C2101057000148074 /* Project object */;
}
